// !$*UTF8*$!
{
	archiveVersion = 1;
	classes = {
	};
	objectVersion = 55;
	objects = {

/* Begin PBXBuildFile section */
		CDA73E5C27202396002886F5 /* MainView.swift in Sources */ = {isa = PBXBuildFile; fileRef = CDA73E5B27202396002886F5 /* MainView.swift */; };
		CDA73E5E27202F40002886F5 /* ConstructionDataController.swift in Sources */ = {isa = PBXBuildFile; fileRef = CDA73E5D27202F40002886F5 /* ConstructionDataController.swift */; };
		CDAB4653271E0D4500F7A4EA /* EditRodView.swift in Sources */ = {isa = PBXBuildFile; fileRef = CDAB4652271E0D4500F7A4EA /* EditRodView.swift */; };
		CDB004852727F6180070EFC0 /* ContructionSupport.swift in Sources */ = {isa = PBXBuildFile; fileRef = CDB004842727F6180070EFC0 /* ContructionSupport.swift */; };
		CDB00487272805180070EFC0 /* SAPR_File.swift in Sources */ = {isa = PBXBuildFile; fileRef = CDB00486272805180070EFC0 /* SAPR_File.swift */; };
		CDC97F4C27186CC30010472C /* SAPR_SwiftEditionApp.swift in Sources */ = {isa = PBXBuildFile; fileRef = CDC97F4B27186CC30010472C /* SAPR_SwiftEditionApp.swift */; };
		CDC97F5027186CC50010472C /* Assets.xcassets in Resources */ = {isa = PBXBuildFile; fileRef = CDC97F4F27186CC50010472C /* Assets.xcassets */; };
		CDC97F5327186CC50010472C /* Preview Assets.xcassets in Resources */ = {isa = PBXBuildFile; fileRef = CDC97F5227186CC50010472C /* Preview Assets.xcassets */; };
		CDC97F5B27186F2D0010472C /* Rod.swift in Sources */ = {isa = PBXBuildFile; fileRef = CDC97F5A27186F2D0010472C /* Rod.swift */; };
		CDC97F5D271877F70010472C /* Node.swift in Sources */ = {isa = PBXBuildFile; fileRef = CDC97F5C271877F70010472C /* Node.swift */; };
		CDC97F5F271878B00010472C /* LinearLoad.swift in Sources */ = {isa = PBXBuildFile; fileRef = CDC97F5E271878B00010472C /* LinearLoad.swift */; };
		CDC97F61271879000010472C /* RodTableView.swift in Sources */ = {isa = PBXBuildFile; fileRef = CDC97F60271879000010472C /* RodTableView.swift */; };
		CDC97F6327187CAC0010472C /* RodTableRowView.swift in Sources */ = {isa = PBXBuildFile; fileRef = CDC97F6227187CAC0010472C /* RodTableRowView.swift */; };
		CDC97F6627187F9B0010472C /* Binding-OnChange.swift in Sources */ = {isa = PBXBuildFile; fileRef = CDC97F6527187F9B0010472C /* Binding-OnChange.swift */; };
		CDE8D4C72720A4F300BFA18F /* Loads.swift in Sources */ = {isa = PBXBuildFile; fileRef = CDE8D4C62720A4F300BFA18F /* Loads.swift */; };
		CDEB80302720B2C50019803E /* BackgroundColorHelper.swift in Sources */ = {isa = PBXBuildFile; fileRef = CDEB802F2720B2C50019803E /* BackgroundColorHelper.swift */; };
		CDEB80322720C02D0019803E /* LoadTableRowView.swift in Sources */ = {isa = PBXBuildFile; fileRef = CDEB80312720C02D0019803E /* LoadTableRowView.swift */; };
		CDEB80362720C60F0019803E /* AddLoadView.swift in Sources */ = {isa = PBXBuildFile; fileRef = CDEB80352720C60F0019803E /* AddLoadView.swift */; };
/* End PBXBuildFile section */

/* Begin PBXFileReference section */
		CDA73E5B27202396002886F5 /* MainView.swift */ = {isa = PBXFileReference; lastKnownFileType = sourcecode.swift; path = MainView.swift; sourceTree = "<group>"; };
		CDA73E5D27202F40002886F5 /* ConstructionDataController.swift */ = {isa = PBXFileReference; lastKnownFileType = sourcecode.swift; path = ConstructionDataController.swift; sourceTree = "<group>"; };
		CDAB4652271E0D4500F7A4EA /* EditRodView.swift */ = {isa = PBXFileReference; lastKnownFileType = sourcecode.swift; path = EditRodView.swift; sourceTree = "<group>"; };
		CDB004842727F6180070EFC0 /* ContructionSupport.swift */ = {isa = PBXFileReference; lastKnownFileType = sourcecode.swift; name = ContructionSupport.swift; path = SAPR_SwiftEdition/ContructionSupport.swift; sourceTree = SOURCE_ROOT; };
		CDB00486272805180070EFC0 /* SAPR_File.swift */ = {isa = PBXFileReference; lastKnownFileType = sourcecode.swift; path = SAPR_File.swift; sourceTree = "<group>"; };
		CDC97F4827186CC30010472C /* SAPR_SwiftEdition.app */ = {isa = PBXFileReference; explicitFileType = wrapper.application; includeInIndex = 0; path = SAPR_SwiftEdition.app; sourceTree = BUILT_PRODUCTS_DIR; };
		CDC97F4B27186CC30010472C /* SAPR_SwiftEditionApp.swift */ = {isa = PBXFileReference; lastKnownFileType = sourcecode.swift; path = SAPR_SwiftEditionApp.swift; sourceTree = "<group>"; };
		CDC97F4F27186CC50010472C /* Assets.xcassets */ = {isa = PBXFileReference; lastKnownFileType = folder.assetcatalog; path = Assets.xcassets; sourceTree = "<group>"; };
		CDC97F5227186CC50010472C /* Preview Assets.xcassets */ = {isa = PBXFileReference; lastKnownFileType = folder.assetcatalog; path = "Preview Assets.xcassets"; sourceTree = "<group>"; };
		CDC97F5427186CC50010472C /* SAPR_SwiftEdition.entitlements */ = {isa = PBXFileReference; lastKnownFileType = text.plist.entitlements; path = SAPR_SwiftEdition.entitlements; sourceTree = "<group>"; };
		CDC97F5A27186F2D0010472C /* Rod.swift */ = {isa = PBXFileReference; lastKnownFileType = sourcecode.swift; path = Rod.swift; sourceTree = "<group>"; };
		CDC97F5C271877F70010472C /* Node.swift */ = {isa = PBXFileReference; lastKnownFileType = sourcecode.swift; path = Node.swift; sourceTree = "<group>"; };
		CDC97F5E271878B00010472C /* LinearLoad.swift */ = {isa = PBXFileReference; lastKnownFileType = sourcecode.swift; path = LinearLoad.swift; sourceTree = "<group>"; };
		CDC97F60271879000010472C /* RodTableView.swift */ = {isa = PBXFileReference; lastKnownFileType = sourcecode.swift; path = RodTableView.swift; sourceTree = "<group>"; };
		CDC97F6227187CAC0010472C /* RodTableRowView.swift */ = {isa = PBXFileReference; lastKnownFileType = sourcecode.swift; path = RodTableRowView.swift; sourceTree = "<group>"; };
		CDC97F6527187F9B0010472C /* Binding-OnChange.swift */ = {isa = PBXFileReference; lastKnownFileType = sourcecode.swift; path = "Binding-OnChange.swift"; sourceTree = "<group>"; };
		CDE8D4C62720A4F300BFA18F /* Loads.swift */ = {isa = PBXFileReference; lastKnownFileType = sourcecode.swift; path = Loads.swift; sourceTree = "<group>"; };
		CDEB802F2720B2C50019803E /* BackgroundColorHelper.swift */ = {isa = PBXFileReference; lastKnownFileType = sourcecode.swift; path = BackgroundColorHelper.swift; sourceTree = "<group>"; };
		CDEB80312720C02D0019803E /* LoadTableRowView.swift */ = {isa = PBXFileReference; lastKnownFileType = sourcecode.swift; path = LoadTableRowView.swift; sourceTree = "<group>"; };
		CDEB80352720C60F0019803E /* AddLoadView.swift */ = {isa = PBXFileReference; lastKnownFileType = sourcecode.swift; path = AddLoadView.swift; sourceTree = "<group>"; };
/* End PBXFileReference section */

/* Begin PBXFrameworksBuildPhase section */
		CDC97F4527186CC30010472C /* Frameworks */ = {
			isa = PBXFrameworksBuildPhase;
			buildActionMask = 2147483647;
			files = (
			);
			runOnlyForDeploymentPostprocessing = 0;
		};
/* End PBXFrameworksBuildPhase section */

/* Begin PBXGroup section */
		CDC97F3F27186CC30010472C = {
			isa = PBXGroup;
			children = (
				CDC97F4A27186CC30010472C /* SAPR_SwiftEdition */,
				CDC97F4927186CC30010472C /* Products */,
			);
			sourceTree = "<group>";
		};
		CDC97F4927186CC30010472C /* Products */ = {
			isa = PBXGroup;
			children = (
				CDC97F4827186CC30010472C /* SAPR_SwiftEdition.app */,
			);
			name = Products;
			sourceTree = "<group>";
		};
		CDC97F4A27186CC30010472C /* SAPR_SwiftEdition */ = {
			isa = PBXGroup;
			children = (
				CDC97F4B27186CC30010472C /* SAPR_SwiftEditionApp.swift */,
				CDB00486272805180070EFC0 /* SAPR_File.swift */,
				CDC97F6427187F730010472C /* Views */,
				CDC97F5A27186F2D0010472C /* Rod.swift */,
				CDA73E5D27202F40002886F5 /* ConstructionDataController.swift */,
				CDEB802F2720B2C50019803E /* BackgroundColorHelper.swift */,
				CDB004842727F6180070EFC0 /* ContructionSupport.swift */,
				CDC97F5C271877F70010472C /* Node.swift */,
				CDC97F5E271878B00010472C /* LinearLoad.swift */,
				CDC97F6527187F9B0010472C /* Binding-OnChange.swift */,
				CDC97F4F27186CC50010472C /* Assets.xcassets */,
				CDC97F5427186CC50010472C /* SAPR_SwiftEdition.entitlements */,
				CDC97F5127186CC50010472C /* Preview Content */,
			);
			path = SAPR_SwiftEdition;
			sourceTree = "<group>";
		};
		CDC97F5127186CC50010472C /* Preview Content */ = {
			isa = PBXGroup;
			children = (
				CDC97F5227186CC50010472C /* Preview Assets.xcassets */,
			);
			path = "Preview Content";
			sourceTree = "<group>";
		};
		CDC97F6427187F730010472C /* Views */ = {
			isa = PBXGroup;
			children = (
				CDEB80332720C3310019803E /* RodEnter */,
				CDEB80342720C3760019803E /* Loads */,
				CDA73E5B27202396002886F5 /* MainView.swift */,
			);
			path = Views;
			sourceTree = "<group>";
		};
		CDEB80332720C3310019803E /* RodEnter */ = {
			isa = PBXGroup;
			children = (
				CDAB4652271E0D4500F7A4EA /* EditRodView.swift */,
				CDC97F60271879000010472C /* RodTableView.swift */,
				CDC97F6227187CAC0010472C /* RodTableRowView.swift */,
			);
			path = RodEnter;
			sourceTree = "<group>";
		};
		CDEB80342720C3760019803E /* Loads */ = {
			isa = PBXGroup;
			children = (
				CDE8D4C62720A4F300BFA18F /* Loads.swift */,
				CDEB80312720C02D0019803E /* LoadTableRowView.swift */,
				CDEB80352720C60F0019803E /* AddLoadView.swift */,
			);
			path = Loads;
			sourceTree = "<group>";
		};
/* End PBXGroup section */

/* Begin PBXNativeTarget section */
		CDC97F4727186CC30010472C /* SAPR_SwiftEdition */ = {
			isa = PBXNativeTarget;
			buildConfigurationList = CDC97F5727186CC50010472C /* Build configuration list for PBXNativeTarget "SAPR_SwiftEdition" */;
			buildPhases = (
				CDC97F4427186CC30010472C /* Sources */,
				CDC97F4527186CC30010472C /* Frameworks */,
				CDC97F4627186CC30010472C /* Resources */,
			);
			buildRules = (
			);
			dependencies = (
			);
			name = SAPR_SwiftEdition;
			productName = SAPR_SwiftEdition;
			productReference = CDC97F4827186CC30010472C /* SAPR_SwiftEdition.app */;
			productType = "com.apple.product-type.application";
		};
/* End PBXNativeTarget section */

/* Begin PBXProject section */
		CDC97F4027186CC30010472C /* Project object */ = {
			isa = PBXProject;
			attributes = {
				BuildIndependentTargetsInParallel = 1;
				LastSwiftUpdateCheck = 1300;
				LastUpgradeCheck = 1300;
				TargetAttributes = {
					CDC97F4727186CC30010472C = {
						CreatedOnToolsVersion = 13.0;
					};
				};
			};
			buildConfigurationList = CDC97F4327186CC30010472C /* Build configuration list for PBXProject "SAPR_SwiftEdition" */;
			compatibilityVersion = "Xcode 13.0";
			developmentRegion = en;
			hasScannedForEncodings = 0;
			knownRegions = (
				en,
				Base,
			);
			mainGroup = CDC97F3F27186CC30010472C;
			productRefGroup = CDC97F4927186CC30010472C /* Products */;
			projectDirPath = "";
			projectRoot = "";
			targets = (
				CDC97F4727186CC30010472C /* SAPR_SwiftEdition */,
			);
		};
/* End PBXProject section */

/* Begin PBXResourcesBuildPhase section */
		CDC97F4627186CC30010472C /* Resources */ = {
			isa = PBXResourcesBuildPhase;
			buildActionMask = 2147483647;
			files = (
				CDC97F5327186CC50010472C /* Preview Assets.xcassets in Resources */,
				CDC97F5027186CC50010472C /* Assets.xcassets in Resources */,
			);
			runOnlyForDeploymentPostprocessing = 0;
		};
/* End PBXResourcesBuildPhase section */

/* Begin PBXSourcesBuildPhase section */
		CDC97F4427186CC30010472C /* Sources */ = {
			isa = PBXSourcesBuildPhase;
			buildActionMask = 2147483647;
			files = (
				CDC97F6327187CAC0010472C /* RodTableRowView.swift in Sources */,
				CDEB80362720C60F0019803E /* AddLoadView.swift in Sources */,
				CDC97F5F271878B00010472C /* LinearLoad.swift in Sources */,
				CDA73E5C27202396002886F5 /* MainView.swift in Sources */,
				CDC97F5B27186F2D0010472C /* Rod.swift in Sources */,
				CDB00487272805180070EFC0 /* SAPR_File.swift in Sources */,
				CDE8D4C72720A4F300BFA18F /* Loads.swift in Sources */,
				CDA73E5E27202F40002886F5 /* ConstructionDataController.swift in Sources */,
				CDB004852727F6180070EFC0 /* ContructionSupport.swift in Sources */,
				CDAB4653271E0D4500F7A4EA /* EditRodView.swift in Sources */,
				CDEB80322720C02D0019803E /* LoadTableRowView.swift in Sources */,
				CDC97F4C27186CC30010472C /* SAPR_SwiftEditionApp.swift in Sources */,
				CDC97F5D271877F70010472C /* Node.swift in Sources */,
				CDC97F61271879000010472C /* RodTableView.swift in Sources */,
				CDEB80302720B2C50019803E /* BackgroundColorHelper.swift in Sources */,
				CDC97F6627187F9B0010472C /* Binding-OnChange.swift in Sources */,
			);
			runOnlyForDeploymentPostprocessing = 0;
		};
/* End PBXSourcesBuildPhase section */

/* Begin XCBuildConfiguration section */
		CDC97F5527186CC50010472C /* Debug */ = {
			isa = XCBuildConfiguration;
			buildSettings = {
				ALWAYS_SEARCH_USER_PATHS = NO;
				CLANG_ANALYZER_NONNULL = YES;
				CLANG_ANALYZER_NUMBER_OBJECT_CONVERSION = YES_AGGRESSIVE;
				CLANG_CXX_LANGUAGE_STANDARD = "gnu++17";
				CLANG_CXX_LIBRARY = "libc++";
				CLANG_ENABLE_MODULES = YES;
				CLANG_ENABLE_OBJC_ARC = YES;
				CLANG_ENABLE_OBJC_WEAK = YES;
				CLANG_WARN_BLOCK_CAPTURE_AUTORELEASING = YES;
				CLANG_WARN_BOOL_CONVERSION = YES;
				CLANG_WARN_COMMA = YES;
				CLANG_WARN_CONSTANT_CONVERSION = YES;
				CLANG_WARN_DEPRECATED_OBJC_IMPLEMENTATIONS = YES;
				CLANG_WARN_DIRECT_OBJC_ISA_USAGE = YES_ERROR;
				CLANG_WARN_DOCUMENTATION_COMMENTS = YES;
				CLANG_WARN_EMPTY_BODY = YES;
				CLANG_WARN_ENUM_CONVERSION = YES;
				CLANG_WARN_INFINITE_RECURSION = YES;
				CLANG_WARN_INT_CONVERSION = YES;
				CLANG_WARN_NON_LITERAL_NULL_CONVERSION = YES;
				CLANG_WARN_OBJC_IMPLICIT_RETAIN_SELF = YES;
				CLANG_WARN_OBJC_LITERAL_CONVERSION = YES;
				CLANG_WARN_OBJC_ROOT_CLASS = YES_ERROR;
				CLANG_WARN_QUOTED_INCLUDE_IN_FRAMEWORK_HEADER = YES;
				CLANG_WARN_RANGE_LOOP_ANALYSIS = YES;
				CLANG_WARN_STRICT_PROTOTYPES = YES;
				CLANG_WARN_SUSPICIOUS_MOVE = YES;
				CLANG_WARN_UNGUARDED_AVAILABILITY = YES_AGGRESSIVE;
				CLANG_WARN_UNREACHABLE_CODE = YES;
				CLANG_WARN__DUPLICATE_METHOD_MATCH = YES;
				COPY_PHASE_STRIP = NO;
				DEBUG_INFORMATION_FORMAT = dwarf;
				ENABLE_STRICT_OBJC_MSGSEND = YES;
				ENABLE_TESTABILITY = YES;
				GCC_C_LANGUAGE_STANDARD = gnu11;
				GCC_DYNAMIC_NO_PIC = NO;
				GCC_NO_COMMON_BLOCKS = YES;
				GCC_OPTIMIZATION_LEVEL = 0;
				GCC_PREPROCESSOR_DEFINITIONS = (
					"DEBUG=1",
					"$(inherited)",
				);
				GCC_WARN_64_TO_32_BIT_CONVERSION = YES;
				GCC_WARN_ABOUT_RETURN_TYPE = YES_ERROR;
				GCC_WARN_UNDECLARED_SELECTOR = YES;
				GCC_WARN_UNINITIALIZED_AUTOS = YES_AGGRESSIVE;
				GCC_WARN_UNUSED_FUNCTION = YES;
				GCC_WARN_UNUSED_VARIABLE = YES;
				MACOSX_DEPLOYMENT_TARGET = 11.3;
				MTL_ENABLE_DEBUG_INFO = INCLUDE_SOURCE;
				MTL_FAST_MATH = YES;
				ONLY_ACTIVE_ARCH = YES;
				SDKROOT = macosx;
				SWIFT_ACTIVE_COMPILATION_CONDITIONS = DEBUG;
				SWIFT_OPTIMIZATION_LEVEL = "-Onone";
			};
			name = Debug;
		};
		CDC97F5627186CC50010472C /* Release */ = {
			isa = XCBuildConfiguration;
			buildSettings = {
				ALWAYS_SEARCH_USER_PATHS = NO;
				CLANG_ANALYZER_NONNULL = YES;
				CLANG_ANALYZER_NUMBER_OBJECT_CONVERSION = YES_AGGRESSIVE;
				CLANG_CXX_LANGUAGE_STANDARD = "gnu++17";
				CLANG_CXX_LIBRARY = "libc++";
				CLANG_ENABLE_MODULES = YES;
				CLANG_ENABLE_OBJC_ARC = YES;
				CLANG_ENABLE_OBJC_WEAK = YES;
				CLANG_WARN_BLOCK_CAPTURE_AUTORELEASING = YES;
				CLANG_WARN_BOOL_CONVERSION = YES;
				CLANG_WARN_COMMA = YES;
				CLANG_WARN_CONSTANT_CONVERSION = YES;
				CLANG_WARN_DEPRECATED_OBJC_IMPLEMENTATIONS = YES;
				CLANG_WARN_DIRECT_OBJC_ISA_USAGE = YES_ERROR;
				CLANG_WARN_DOCUMENTATION_COMMENTS = YES;
				CLANG_WARN_EMPTY_BODY = YES;
				CLANG_WARN_ENUM_CONVERSION = YES;
				CLANG_WARN_INFINITE_RECURSION = YES;
				CLANG_WARN_INT_CONVERSION = YES;
				CLANG_WARN_NON_LITERAL_NULL_CONVERSION = YES;
				CLANG_WARN_OBJC_IMPLICIT_RETAIN_SELF = YES;
				CLANG_WARN_OBJC_LITERAL_CONVERSION = YES;
				CLANG_WARN_OBJC_ROOT_CLASS = YES_ERROR;
				CLANG_WARN_QUOTED_INCLUDE_IN_FRAMEWORK_HEADER = YES;
				CLANG_WARN_RANGE_LOOP_ANALYSIS = YES;
				CLANG_WARN_STRICT_PROTOTYPES = YES;
				CLANG_WARN_SUSPICIOUS_MOVE = YES;
				CLANG_WARN_UNGUARDED_AVAILABILITY = YES_AGGRESSIVE;
				CLANG_WARN_UNREACHABLE_CODE = YES;
				CLANG_WARN__DUPLICATE_METHOD_MATCH = YES;
				COPY_PHASE_STRIP = NO;
				DEBUG_INFORMATION_FORMAT = "dwarf-with-dsym";
				ENABLE_NS_ASSERTIONS = NO;
				ENABLE_STRICT_OBJC_MSGSEND = YES;
				GCC_C_LANGUAGE_STANDARD = gnu11;
				GCC_NO_COMMON_BLOCKS = YES;
				GCC_WARN_64_TO_32_BIT_CONVERSION = YES;
				GCC_WARN_ABOUT_RETURN_TYPE = YES_ERROR;
				GCC_WARN_UNDECLARED_SELECTOR = YES;
				GCC_WARN_UNINITIALIZED_AUTOS = YES_AGGRESSIVE;
				GCC_WARN_UNUSED_FUNCTION = YES;
				GCC_WARN_UNUSED_VARIABLE = YES;
				MACOSX_DEPLOYMENT_TARGET = 11.3;
				MTL_ENABLE_DEBUG_INFO = NO;
				MTL_FAST_MATH = YES;
				SDKROOT = macosx;
				SWIFT_COMPILATION_MODE = wholemodule;
				SWIFT_OPTIMIZATION_LEVEL = "-O";
			};
			name = Release;
		};
		CDC97F5827186CC50010472C /* Debug */ = {
			isa = XCBuildConfiguration;
			buildSettings = {
				ASSETCATALOG_COMPILER_APPICON_NAME = AppIcon;
				ASSETCATALOG_COMPILER_GLOBAL_ACCENT_COLOR_NAME = AccentColor;
				CODE_SIGN_ENTITLEMENTS = SAPR_SwiftEdition/SAPR_SwiftEdition.entitlements;
				CODE_SIGN_STYLE = Automatic;
				COMBINE_HIDPI_IMAGES = YES;
				CURRENT_PROJECT_VERSION = 1;
				DEVELOPMENT_ASSET_PATHS = "\"SAPR_SwiftEdition/Preview Content\"";
				DEVELOPMENT_TEAM = Z7788V56C7;
				ENABLE_HARDENED_RUNTIME = YES;
				ENABLE_PREVIEWS = YES;
				GENERATE_INFOPLIST_FILE = YES;
				INFOPLIST_KEY_NSHumanReadableCopyright = "";
				LD_RUNPATH_SEARCH_PATHS = (
					"$(inherited)",
					"@executable_path/../Frameworks",
				);
				MACOSX_DEPLOYMENT_TARGET = 11.0;
				MARKETING_VERSION = 1.0;
				PRODUCT_BUNDLE_IDENTIFIER = "com.vladvrublevsky.SAPR-SwiftEdition";
				PRODUCT_NAME = "$(TARGET_NAME)";
				SWIFT_EMIT_LOC_STRINGS = YES;
				SWIFT_VERSION = 5.0;
			};
			name = Debug;
		};
		CDC97F5927186CC50010472C /* Release */ = {
			isa = XCBuildConfiguration;
			buildSettings = {
				ASSETCATALOG_COMPILER_APPICON_NAME = AppIcon;
				ASSETCATALOG_COMPILER_GLOBAL_ACCENT_COLOR_NAME = AccentColor;
				CODE_SIGN_ENTITLEMENTS = SAPR_SwiftEdition/SAPR_SwiftEdition.entitlements;
				CODE_SIGN_STYLE = Automatic;
				COMBINE_HIDPI_IMAGES = YES;
				CURRENT_PROJECT_VERSION = 1;
				DEVELOPMENT_ASSET_PATHS = "\"SAPR_SwiftEdition/Preview Content\"";
				DEVELOPMENT_TEAM = Z7788V56C7;
				ENABLE_HARDENED_RUNTIME = YES;
				ENABLE_PREVIEWS = YES;
				GENERATE_INFOPLIST_FILE = YES;
				INFOPLIST_KEY_NSHumanReadableCopyright = "";
				LD_RUNPATH_SEARCH_PATHS = (
					"$(inherited)",
					"@executable_path/../Frameworks",
				);
				MACOSX_DEPLOYMENT_TARGET = 11.0;
				MARKETING_VERSION = 1.0;
				PRODUCT_BUNDLE_IDENTIFIER = "com.vladvrublevsky.SAPR-SwiftEdition";
				PRODUCT_NAME = "$(TARGET_NAME)";
				SWIFT_EMIT_LOC_STRINGS = YES;
				SWIFT_VERSION = 5.0;
			};
			name = Release;
		};
/* End XCBuildConfiguration section */

/* Begin XCConfigurationList section */
		CDC97F4327186CC30010472C /* Build configuration list for PBXProject "SAPR_SwiftEdition" */ = {
			isa = XCConfigurationList;
			buildConfigurations = (
				CDC97F5527186CC50010472C /* Debug */,
				CDC97F5627186CC50010472C /* Release */,
			);
			defaultConfigurationIsVisible = 0;
			defaultConfigurationName = Release;
		};
		CDC97F5727186CC50010472C /* Build configuration list for PBXNativeTarget "SAPR_SwiftEdition" */ = {
			isa = XCConfigurationList;
			buildConfigurations = (
				CDC97F5827186CC50010472C /* Debug */,
				CDC97F5927186CC50010472C /* Release */,
			);
			defaultConfigurationIsVisible = 0;
			defaultConfigurationName = Release;
		};
/* End XCConfigurationList section */
	};
	rootObject = CDC97F4027186CC30010472C /* Project object */;
}
